<?xml version="1.0" encoding="utf-8"?>
<Project ToolsVersion="4.0" xmlns="http://schemas.microsoft.com/developer/msbuild/2003">
  <ItemGroup>
    <Filter Include="Source Files">
      <UniqueIdentifier>{4FC737F1-C7A5-4376-A066-2A32D752A2FF}</UniqueIdentifier>
      <Extensions>cpp;c;cxx;def;odl;idl;hpj;bat;asm;asmx</Extensions>
    </Filter>
    <Filter Include="Source Files\MFC">
      <UniqueIdentifier>{972908ce-d3db-4b89-8850-e48a747f0bfc}</UniqueIdentifier>
    </Filter>
    <Filter Include="Source Files\Bootloader">
      <UniqueIdentifier>{3ed90e31-8b6b-40e4-8c38-e2fa2042c820}</UniqueIdentifier>
    </Filter>
    <Filter Include="Header Files">
      <UniqueIdentifier>{93995380-89BD-4b04-88EB-625FBE52EBFB}</UniqueIdentifier>
      <Extensions>h;hpp;hxx;hm;inl;inc;xsd</Extensions>
    </Filter>
    <Filter Include="Header Files\MFC">
      <UniqueIdentifier>{d359ecfc-360e-4856-875f-f06f999f2463}</UniqueIdentifier>
    </Filter>
    <Filter Include="Header Files\Bootloader">
      <UniqueIdentifier>{f0135f46-0962-41c4-b377-a841ba639a8c}</UniqueIdentifier>
    </Filter>
    <Filter Include="Resource Files">
      <UniqueIdentifier>{67DA6AB6-F800-4c08-8B7A-83BB121AAD01}</UniqueIdentifier>
      <Extensions>rc;ico;cur;bmp;dlg;rc2;rct;bin;rgs;gif;jpg;jpeg;jpe;resx</Extensions>
    </Filter>
  </ItemGroup>
  <ItemGroup>
    <ClCompile Include="PIC32UBL.cpp">
      <Filter>Source Files\MFC</Filter>
    </ClCompile>
    <ClCompile Include="PIC32UBLDlg.cpp">
      <Filter>Source Files\MFC</Filter>
    </ClCompile>
    <ClCompile Include="stdafx.cpp">
      <Filter>Source Files\MFC</Filter>
    </ClCompile>
    <ClCompile Include="BootLoader.cpp">
      <Filter>Source Files\Bootloader</Filter>
    </ClCompile>
    <ClCompile Include="ComPort.cpp">
      <Filter>Source Files\Bootloader</Filter>
    </ClCompile>
    <ClCompile Include="Ethernet.cpp">
      <Filter>Source Files\Bootloader</Filter>
    </ClCompile>
    <ClCompile Include="Hex.cpp">
      <Filter>Source Files\Bootloader</Filter>
    </ClCompile>
    <ClCompile Include="USB_HID.cpp">
      <Filter>Source Files\Bootloader</Filter>
    </ClCompile>
  </ItemGroup>
  <ItemGroup>
    <ClInclude Include="PIC32UBL.h">
      <Filter>Header Files\MFC</Filter>
    </ClInclude>
    <ClInclude Include="PIC32UBLDlg.h">
      <Filter>Header Files\MFC</Filter>
    </ClInclude>
    <ClInclude Include="Resource.h">
      <Filter>Header Files\MFC</Filter>
    </ClInclude>
    <ClInclude Include="stdafx.h">
      <Filter>Header Files\MFC</Filter>
    </ClInclude>
    <ClInclude Include="BootLoader.h">
      <Filter>Header Files\Bootloader</Filter>
    </ClInclude>
    <ClInclude Include="ComPort.h">
      <Filter>Header Files\Bootloader</Filter>
    </ClInclude>
    <ClInclude Include="Ethernet.h">
      <Filter>Header Files\Bootloader</Filter>
    </ClInclude>
    <ClInclude Include="Hex.h">
      <Filter>Header Files\Bootloader</Filter>
    </ClInclude>
    <ClInclude Include="USB_HID.h">
      <Filter>Header Files\Bootloader</Filter>
    </ClInclude>
  </ItemGroup>
  <ItemGroup>
    <None Include="res\icon1.ico">
      <Filter>Resource Files</Filter>
    </None>
    <None Include="res\PIC32UBL.ico">
      <Filter>Resource Files</Filter>
    </None>
    <None Include="res\PIC32UBL.rc2">
      <Filter>Resource Files</Filter>
    </None>
    <None Include="ReadMe.txt" />
  </ItemGroup>
  <ItemGroup>
    <ResourceCompile Include="PIC32UBL.rc">
      <Filter>Resource Files</Filter>
    </ResourceCompile>
  </ItemGroup>
  <ItemGroup>
    <Manifest Include="res\PIC32UBL.manifest" />
  </ItemGroup>
</Project>